{
  "lockfile_version": "1",
  "packages": {
    "btop@latest": {
      "last_modified": "2025-06-20T02:24:11Z",
      "resolved": "github:NixOS/nixpkgs/076e8c6678d8c54204abcb4b1b14c366835a58bb#btop",
      "source": "devbox-search",
      "version": "1.4.3",
      "systems": {
        "aarch64-darwin": {
          "outputs": [
            {
              "name": "out",
              "path": "/nix/store/xji5gmk71ml35wxqnmifyq0qi83fn171-btop-1.4.3",
              "default": true
            }
          ],
          "store_path": "/nix/store/xji5gmk71ml35wxqnmifyq0qi83fn171-btop-1.4.3"
        },
        "aarch64-linux": {
          "outputs": [
            {
              "name": "out",
              "path": "/nix/store/0k9w64iyssxnxhlkz36hmplmanl9rylp-btop-1.4.3",
              "default": true
            }
          ],
          "store_path": "/nix/store/0k9w64iyssxnxhlkz36hmplmanl9rylp-btop-1.4.3"
        },
        "x86_64-darwin": {
          "outputs": [
            {
              "name": "out",
              "path": "/nix/store/54cvhk7yxgkkb6mw4aq98p57pyca593v-btop-1.4.3",
              "default": true
            }
          ],
          "store_path": "/nix/store/54cvhk7yxgkkb6mw4aq98p57pyca593v-btop-1.4.3"
        },
        "x86_64-linux": {
          "outputs": [
            {
              "name": "out",
              "path": "/nix/store/pq5wcfcqs2crh7s4ngcvscq7acqz7kq8-btop-1.4.3",
              "default": true
            }
          ],
          "store_path": "/nix/store/pq5wcfcqs2crh7s4ngcvscq7acqz7kq8-btop-1.4.3"
        }
      }
    },
    "git@latest": {
      "last_modified": "2025-06-20T02:24:11Z",
      "resolved": "github:NixOS/nixpkgs/076e8c6678d8c54204abcb4b1b14c366835a58bb#git",
      "source": "devbox-search",
      "version": "2.49.0",
      "systems": {
        "aarch64-darwin": {
          "outputs": [
            {
              "name": "out",
              "path": "/nix/store/ir2bhb7n3ngh0dg7p6jbhm1wa4d8gkb7-git-2.49.0",
              "default": true
            },
            {
              "name": "doc",
              "path": "/nix/store/f0bi1v08ki7pq6a4rzhjhnp5szj3940k-git-2.49.0-doc"
            }
          ],
          "store_path": "/nix/store/ir2bhb7n3ngh0dg7p6jbhm1wa4d8gkb7-git-2.49.0"
        },
        "aarch64-linux": {
          "outputs": [
            {
              "name": "out",
              "path": "/nix/store/5p8ljxbgnk31zxbz8hvrfkg1qfgiv3qi-git-2.49.0",
              "default": true
            },
            {
              "name": "debug",
              "path": "/nix/store/isw51rw1b78yw6k454m7h402k88n291w-git-2.49.0-debug"
            },
            {
              "name": "doc",
              "path": "/nix/store/hxw5vli42579b8bkxv6nq2p2z4vjvw97-git-2.49.0-doc"
            }
          ],
          "store_path": "/nix/store/5p8ljxbgnk31zxbz8hvrfkg1qfgiv3qi-git-2.49.0"
        },
        "x86_64-darwin": {
          "outputs": [
            {
              "name": "out",
              "path": "/nix/store/72qfjivfnm6kzdfbiavvici8bi3jzrs6-git-2.49.0",
              "default": true
            },
            {
              "name": "doc",
              "path": "/nix/store/900nidzjyaa0950wk104vzgb82h5wspi-git-2.49.0-doc"
            }
          ],
          "store_path": "/nix/store/72qfjivfnm6kzdfbiavvici8bi3jzrs6-git-2.49.0"
        },
        "x86_64-linux": {
          "outputs": [
            {
              "name": "out",
              "path": "/nix/store/rzqvhv48m3nh8g3j4k6jmz6yqy8apr95-git-2.49.0",
              "default": true
            },
            {
              "name": "debug",
              "path": "/nix/store/201xjz2py285323n3y7r30frdwbdnb6q-git-2.49.0-debug"
            },
            {
              "name": "doc",
              "path": "/nix/store/zcjdp82yx46w8yp1inxkkzb3a3k05a0m-git-2.49.0-doc"
            }
          ],
          "store_path": "/nix/store/rzqvhv48m3nh8g3j4k6jmz6yqy8apr95-git-2.49.0"
        }
      }
    },
    "github:NixOS/nixpkgs/nixpkgs-unstable": {
      "last_modified": "2025-06-22T15:15:55Z",
      "resolved": "github:NixOS/nixpkgs/3078b9a9e75f1790e6d6ef9955fdc6a2d1740cc6?lastModified=1750605355&narHash=sha256-xT8cPLTxlktxI9vSdoBlAVK7dXgd8IK59j7ZwzkkhnI%3D"
    },
    "gnupg@latest": {
      "last_modified": "2025-06-20T02:24:11Z",
      "resolved": "github:NixOS/nixpkgs/076e8c6678d8c54204abcb4b1b14c366835a58bb#gnupg",
      "source": "devbox-search",
      "version": "2.4.7",
      "systems": {
        "aarch64-darwin": {
          "outputs": [
            {
              "name": "out",
              "path": "/nix/store/as7lycr0g57anmdbclmfd9hr8lchlq28-gnupg-2.4.7",
              "default": true
            }
          ],
          "store_path": "/nix/store/as7lycr0g57anmdbclmfd9hr8lchlq28-gnupg-2.4.7"
        },
        "aarch64-linux": {
          "outputs": [
            {
              "name": "out",
              "path": "/nix/store/afmaz5ij5687ljw6i55g3zpa3j4rfmdc-gnupg-2.4.7",
              "default": true
            }
          ],
          "store_path": "/nix/store/afmaz5ij5687ljw6i55g3zpa3j4rfmdc-gnupg-2.4.7"
        },
        "x86_64-darwin": {
          "outputs": [
            {
              "name": "out",
              "path": "/nix/store/ym1s02c6mpahx6fm007760vl5v5rpaip-gnupg-2.4.7",
              "default": true
            }
          ],
          "store_path": "/nix/store/ym1s02c6mpahx6fm007760vl5v5rpaip-gnupg-2.4.7"
        },
        "x86_64-linux": {
          "outputs": [
            {
              "name": "out",
              "path": "/nix/store/llxp5n33a0l8fbhvhmgq5l8kvz8c887j-gnupg-2.4.7",
              "default": true
            }
          ],
          "store_path": "/nix/store/llxp5n33a0l8fbhvhmgq5l8kvz8c887j-gnupg-2.4.7"
        }
      }
    },
    "go-task@latest": {
      "last_modified": "2025-06-20T02:24:11Z",
      "resolved": "github:NixOS/nixpkgs/076e8c6678d8c54204abcb4b1b14c366835a58bb#go-task",
      "source": "devbox-search",
      "version": "3.43.3",
      "systems": {
        "aarch64-darwin": {
          "outputs": [
            {
              "name": "out",
              "path": "/nix/store/ss65wy1s6wi6ixm9pypssbj5jm649i2c-go-task-3.43.3",
              "default": true
            }
          ],
          "store_path": "/nix/store/ss65wy1s6wi6ixm9pypssbj5jm649i2c-go-task-3.43.3"
        },
        "aarch64-linux": {
          "outputs": [
            {
              "name": "out",
              "path": "/nix/store/dfs4z98h0kp5zdjc2gz5dzqbsz8qwjnb-go-task-3.43.3",
              "default": true
            }
          ],
          "store_path": "/nix/store/dfs4z98h0kp5zdjc2gz5dzqbsz8qwjnb-go-task-3.43.3"
        },
        "x86_64-darwin": {
          "outputs": [
            {
              "name": "out",
              "path": "/nix/store/s8fc6jpdkvsvqynhwifvaacfq3pvrqmb-go-task-3.43.3",
              "default": true
            }
          ],
          "store_path": "/nix/store/s8fc6jpdkvsvqynhwifvaacfq3pvrqmb-go-task-3.43.3"
        },
        "x86_64-linux": {
          "outputs": [
            {
              "name": "out",
              "path": "/nix/store/64rqvndzck53pq5162qshp47b5rsglrh-go-task-3.43.3",
              "default": true
            }
          ],
          "store_path": "/nix/store/64rqvndzck53pq5162qshp47b5rsglrh-go-task-3.43.3"
        }
      }
    },
    "gopass@latest": {
      "last_modified": "2025-06-20T02:24:11Z",
      "resolved": "github:NixOS/nixpkgs/076e8c6678d8c54204abcb4b1b14c366835a58bb#gopass",
      "source": "devbox-search",
      "version": "1.15.16",
      "systems": {
        "aarch64-darwin": {
          "outputs": [
            {
              "name": "out",
              "path": "/nix/store/9iidbzaa6k7p9nb645jd3dzd5761scc2-gopass-1.15.16",
              "default": true
            }
          ],
          "store_path": "/nix/store/9iidbzaa6k7p9nb645jd3dzd5761scc2-gopass-1.15.16"
        },
        "aarch64-linux": {
          "outputs": [
            {
              "name": "out",
              "path": "/nix/store/82dmq8k678fp5pd9m9rpkxf8sygvdacq-gopass-1.15.16",
              "default": true
            }
          ],
          "store_path": "/nix/store/82dmq8k678fp5pd9m9rpkxf8sygvdacq-gopass-1.15.16"
        },
        "x86_64-darwin": {
          "outputs": [
            {
              "name": "out",
              "path": "/nix/store/mqf09gk2g20hg0q00f1rq9fpzwa9zzn6-gopass-1.15.16",
              "default": true
            }
          ],
          "store_path": "/nix/store/mqf09gk2g20hg0q00f1rq9fpzwa9zzn6-gopass-1.15.16"
        },
        "x86_64-linux": {
          "outputs": [
            {
              "name": "out",
              "path": "/nix/store/slrh8isgsf0f53flmf4s02qcvfagd26h-gopass-1.15.16",
              "default": true
            }
          ],
          "store_path": "/nix/store/slrh8isgsf0f53flmf4s02qcvfagd26h-gopass-1.15.16"
        }
      }
    },
    "locale@latest": {
      "last_modified": "2025-06-20T02:24:11Z",
      "resolved": "github:NixOS/nixpkgs/076e8c6678d8c54204abcb4b1b14c366835a58bb#locale",
      "source": "devbox-search",
      "version": "2.40-66",
      "systems": {
        "aarch64-linux": {
          "outputs": [
            {
              "name": "out",
              "path": "/nix/store/5mr0x2zrxrx55cpzmqwlpxlgrl8z8m5c-locale-glibc-2.40-66",
              "default": true
            }
          ],
          "store_path": "/nix/store/5mr0x2zrxrx55cpzmqwlpxlgrl8z8m5c-locale-glibc-2.40-66"
        },
        "x86_64-linux": {
          "outputs": [
            {
              "name": "out",
              "path": "/nix/store/2j3ij2ippy9bb1r26461r7ws0jz24zz6-locale-glibc-2.40-66",
              "default": true
            }
          ],
          "store_path": "/nix/store/2j3ij2ippy9bb1r26461r7ws0jz24zz6-locale-glibc-2.40-66"
        }
      }
    },
    "neovim@latest": {
      "last_modified": "2025-06-20T02:24:11Z",
      "resolved": "github:NixOS/nixpkgs/076e8c6678d8c54204abcb4b1b14c366835a58bb#neovim",
      "source": "devbox-search",
      "version": "0.11.2",
      "systems": {
        "aarch64-darwin": {
          "outputs": [
            {
              "name": "out",
              "path": "/nix/store/hgfn7jmx0ynk73nibw355r0salw8nxg2-neovim-0.11.2",
              "default": true
            }
          ],
          "store_path": "/nix/store/hgfn7jmx0ynk73nibw355r0salw8nxg2-neovim-0.11.2"
        },
        "aarch64-linux": {
          "outputs": [
            {
              "name": "out",
              "path": "/nix/store/f42fl9f8pb2rvcw612b913qq63c5pzpn-neovim-0.11.2",
              "default": true
            }
          ],
          "store_path": "/nix/store/f42fl9f8pb2rvcw612b913qq63c5pzpn-neovim-0.11.2"
        },
        "x86_64-darwin": {
          "outputs": [
            {
              "name": "out",
              "path": "/nix/store/x51igpf932qqf00y4x683h4frib1imma-neovim-0.11.2",
              "default": true
            }
          ],
          "store_path": "/nix/store/x51igpf932qqf00y4x683h4frib1imma-neovim-0.11.2"
        },
        "x86_64-linux": {
          "outputs": [
            {
              "name": "out",
              "path": "/nix/store/43jciqmw1cyyhbvyzbk4mc0f4cfwx5yf-neovim-0.11.2",
              "default": true
            }
          ],
          "store_path": "/nix/store/43jciqmw1cyyhbvyzbk4mc0f4cfwx5yf-neovim-0.11.2"
        }
      }
    },
    "pass@latest": {
      "last_modified": "2025-06-20T02:24:11Z",
      "resolved": "github:NixOS/nixpkgs/076e8c6678d8c54204abcb4b1b14c366835a58bb#pass",
      "source": "devbox-search",
      "version": "1.7.4",
      "systems": {
        "aarch64-darwin": {
          "outputs": [
            {
              "name": "out",
              "path": "/nix/store/m2hkl5kbj2nkvf8i7ca77j6dhfvn39dy-password-store-1.7.4",
              "default": true
            }
          ],
          "store_path": "/nix/store/m2hkl5kbj2nkvf8i7ca77j6dhfvn39dy-password-store-1.7.4"
        },
        "aarch64-linux": {
          "outputs": [
            {
              "name": "out",
              "path": "/nix/store/cya8852md1ylmnsmqs5dqv302y09pkxh-password-store-1.7.4",
              "default": true
            }
          ],
          "store_path": "/nix/store/cya8852md1ylmnsmqs5dqv302y09pkxh-password-store-1.7.4"
        },
        "x86_64-darwin": {
          "outputs": [
            {
              "name": "out",
              "path": "/nix/store/ch8fb95b9hhc2ldkf3d6x66wbd3xlfs2-password-store-1.7.4",
              "default": true
            }
          ],
          "store_path": "/nix/store/ch8fb95b9hhc2ldkf3d6x66wbd3xlfs2-password-store-1.7.4"
        },
        "x86_64-linux": {
          "outputs": [
            {
              "name": "out",
              "path": "/nix/store/4y7ws1fyk11v31hi3rlrbhsivwds1rl3-password-store-1.7.4",
              "default": true
            }
          ],
          "store_path": "/nix/store/4y7ws1fyk11v31hi3rlrbhsivwds1rl3-password-store-1.7.4"
        }
      }
    },
    "pinentry-gtk2@latest": {
      "last_modified": "2025-06-20T02:24:11Z",
      "resolved": "github:NixOS/nixpkgs/076e8c6678d8c54204abcb4b1b14c366835a58bb#pinentry-gtk2",
      "source": "devbox-search",
      "version": "1.3.1",
      "systems": {
        "aarch64-darwin": {
          "outputs": [
            {
              "name": "out",
              "path": "/nix/store/zlb7yb2p3x9r4xcbvd72yrfbki0wgc0c-pinentry-gtk2-1.3.1",
              "default": true
            }
          ],
          "store_path": "/nix/store/zlb7yb2p3x9r4xcbvd72yrfbki0wgc0c-pinentry-gtk2-1.3.1"
        },
        "aarch64-linux": {
          "outputs": [
            {
              "name": "out",
              "path": "/nix/store/j4algir1kczmzgv7a3hd6cpaz8m7jlda-pinentry-gtk2-1.3.1",
              "default": true
            }
          ],
          "store_path": "/nix/store/j4algir1kczmzgv7a3hd6cpaz8m7jlda-pinentry-gtk2-1.3.1"
        },
        "x86_64-darwin": {
          "outputs": [
            {
              "name": "out",
              "path": "/nix/store/xpwbl5cihn35j4s9sgrv7h78xjlyh8qp-pinentry-gtk2-1.3.1",
              "default": true
            }
          ],
          "store_path": "/nix/store/xpwbl5cihn35j4s9sgrv7h78xjlyh8qp-pinentry-gtk2-1.3.1"
        },
        "x86_64-linux": {
          "outputs": [
            {
              "name": "out",
              "path": "/nix/store/qbx00ria3v3cxqd05g184flagi04bf15-pinentry-gtk2-1.3.1",
              "default": true
            }
          ],
          "store_path": "/nix/store/qbx00ria3v3cxqd05g184flagi04bf15-pinentry-gtk2-1.3.1"
        }
      }
    },
    "python@3.12": {
      "last_modified": "2025-06-20T02:24:11Z",
      "plugin_version": "0.0.4",
      "resolved": "github:NixOS/nixpkgs/076e8c6678d8c54204abcb4b1b14c366835a58bb#python312",
      "source": "devbox-search",
      "version": "3.12.11",
      "systems": {
        "aarch64-darwin": {
          "outputs": [
            {
              "name": "out",
              "path": "/nix/store/q54d9qqlb27g2nf9ja4zsa89gl7b3yvm-python3-3.12.11",
              "default": true
            }
          ],
          "store_path": "/nix/store/q54d9qqlb27g2nf9ja4zsa89gl7b3yvm-python3-3.12.11"
        },
        "aarch64-linux": {
          "outputs": [
            {
              "name": "out",
              "path": "/nix/store/3ib0x9qs9bwg4nfkrk18rk1dx6yng0ga-python3-3.12.11",
              "default": true
            },
            {
              "name": "debug",
              "path": "/nix/store/ayv6k8h3mhdxkr61nv5c0ib2lpgs59md-python3-3.12.11-debug"
            }
          ],
          "store_path": "/nix/store/3ib0x9qs9bwg4nfkrk18rk1dx6yng0ga-python3-3.12.11"
        },
        "x86_64-darwin": {
          "outputs": [
            {
              "name": "out",
              "path": "/nix/store/q2y1zwszjmsap7r6nbk4dxbcsm47abfx-python3-3.12.11",
              "default": true
            }
          ],
          "store_path": "/nix/store/q2y1zwszjmsap7r6nbk4dxbcsm47abfx-python3-3.12.11"
        },
        "x86_64-linux": {
          "outputs": [
            {
              "name": "out",
              "path": "/nix/store/89laaz8x9pdydxzz74p0vd8vdj0szqbq-python3-3.12.11",
              "default": true
            },
            {
              "name": "debug",
              "path": "/nix/store/prihzlrq8b5km32h61056adn8vpmnlgj-python3-3.12.11-debug"
            }
          ],
          "store_path": "/nix/store/89laaz8x9pdydxzz74p0vd8vdj0szqbq-python3-3.12.11"
        }
      }
    },
    "uv@latest": {
      "last_modified": "2025-06-20T02:24:11Z",
      "resolved": "github:NixOS/nixpkgs/076e8c6678d8c54204abcb4b1b14c366835a58bb#uv",
      "source": "devbox-search",
      "version": "0.7.13",
      "systems": {
        "aarch64-darwin": {
          "outputs": [
            {
              "name": "out",
              "path": "/nix/store/hmclm5fmfp768a1k4p6z9h00axs1x661-uv-0.7.13",
              "default": true
            }
          ],
          "store_path": "/nix/store/hmclm5fmfp768a1k4p6z9h00axs1x661-uv-0.7.13"
        },
        "aarch64-linux": {
          "outputs": [
            {
              "name": "out",
              "path": "/nix/store/fqz5mjisr61qfyvy65vsq8fc658yxl3s-uv-0.7.13",
              "default": true
            }
          ],
          "store_path": "/nix/store/fqz5mjisr61qfyvy65vsq8fc658yxl3s-uv-0.7.13"
        },
        "x86_64-darwin": {
          "outputs": [
            {
              "name": "out",
              "path": "/nix/store/zdfk35zhbwd68gpp9dasj5l3zsmxiil5-uv-0.7.13",
              "default": true
            }
          ],
          "store_path": "/nix/store/zdfk35zhbwd68gpp9dasj5l3zsmxiil5-uv-0.7.13"
        },
        "x86_64-linux": {
          "outputs": [
            {
              "name": "out",
              "path": "/nix/store/fgp23ib0mjw92dd4yg685c6b6q6amb0q-uv-0.7.13",
              "default": true
            }
          ],
          "store_path": "/nix/store/fgp23ib0mjw92dd4yg685c6b6q6amb0q-uv-0.7.13"
        }
      }
    }
  }
}
